<?xml version="1.0" encoding="utf-8"?>
<Project ToolsVersion="4.0" xmlns="http://schemas.microsoft.com/developer/msbuild/2003">
  <ItemGroup>
    <Filter Include="Headers">
      <UniqueIdentifier>{93995380-89BD-4b04-88EB-625FBE52EBFB}</UniqueIdentifier>
      <Extensions>h;hh;hpp;hxx;h++;hm;inl;inc;ipp;xsd</Extensions>
    </Filter>
    <Filter Include="Resources">
      <UniqueIdentifier>{67DA6AB6-F800-4c08-8B7A-83BB121AAD01}</UniqueIdentifier>
      <Extensions>rc;ico;cur;bmp;dlg;rc2;rct;bin;rgs;gif;jpg;jpeg;jpe;resx;tiff;tif;png;wav;mfcribbon-ms</Extensions>
    </Filter>
    <Filter Include="Source">
      <UniqueIdentifier>{4FC737F1-C7A5-4376-A066-2A32D752A2FF}</UniqueIdentifier>
      <Extensions>cpp;c;cc;cxx;c++;cppm;ixx;def;odl;idl;hpj;bat;asm;asmx</Extensions>
    </Filter>
    <Filter Include="lib">
      <UniqueIdentifier>{28b1dbf8-d49e-483d-9627-1595eff5cdd8}</UniqueIdentifier>
    </Filter>
    <Filter Include="lib\imgui">
      <UniqueIdentifier>{2893f2d2-5e4d-47e8-8ded-12b89b3e763c}</UniqueIdentifier>
    </Filter>
    <Filter Include="lib\Texture">
      <UniqueIdentifier>{83671d07-68b7-4ce2-918b-28ab0b579e14}</UniqueIdentifier>
    </Filter>
    <Filter Include="lib\stb">
      <UniqueIdentifier>{e85fca36-1636-452f-926c-ddf4948c776e}</UniqueIdentifier>
    </Filter>
  </ItemGroup>
  <ItemGroup>
    <ClInclude Include="resource.h">
      <Filter>Headers</Filter>
    </ClInclude>
    <ClInclude Include="..\shared_lib\imgui\imconfig.h">
      <Filter>lib\imgui</Filter>
    </ClInclude>
    <ClInclude Include="..\shared_lib\imgui\imgui.h">
      <Filter>lib\imgui</Filter>
    </ClInclude>
    <ClInclude Include="..\shared_lib\imgui\imgui_impl_dx9.h">
      <Filter>lib\imgui</Filter>
    </ClInclude>
    <ClInclude Include="..\shared_lib\imgui\imgui_impl_win32.h">
      <Filter>lib\imgui</Filter>
    </ClInclude>
    <ClInclude Include="..\shared_lib\imgui\imgui_internal.h">
      <Filter>lib\imgui</Filter>
    </ClInclude>
    <ClInclude Include="..\shared_lib\imgui\imgui_stdlib.h">
      <Filter>lib\imgui</Filter>
    </ClInclude>
    <ClInclude Include="..\shared_lib\imgui\imstb_rectpack.h">
      <Filter>lib\imgui</Filter>
    </ClInclude>
    <ClInclude Include="..\shared_lib\imgui\imstb_textedit.h">
      <Filter>lib\imgui</Filter>
    </ClInclude>
    <ClInclude Include="..\shared_lib\imgui\imstb_truetype.h">
      <Filter>lib\imgui</Filter>
    </ClInclude>
    <ClInclude Include="..\shared_lib\Texture\TextureDX9.h">
      <Filter>lib\Texture</Filter>
    </ClInclude>
    <ClInclude Include="..\shared_lib\stb\image.h">
      <Filter>lib\stb</Filter>
    </ClInclude>
    <ClInclude Include="lib\Helpers.hpp">
      <Filter>lib</Filter>
    </ClInclude>
  </ItemGroup>
  <ItemGroup>
    <ResourceCompile Include="NLoader.rc">
      <Filter>Resources</Filter>
    </ResourceCompile>
  </ItemGroup>
  <ItemGroup>
    <ClCompile Include="LoaderMain.cpp">
      <Filter>Source</Filter>
    </ClCompile>
    <ClCompile Include="..\shared_lib\imgui\imgui.cpp">
      <Filter>lib\imgui</Filter>
    </ClCompile>
    <ClCompile Include="..\shared_lib\imgui\imgui_demo.cpp">
      <Filter>lib\imgui</Filter>
    </ClCompile>
    <ClCompile Include="..\shared_lib\imgui\imgui_draw.cpp">
      <Filter>lib\imgui</Filter>
    </ClCompile>
    <ClCompile Include="..\shared_lib\imgui\imgui_impl_dx9.cpp">
      <Filter>lib\imgui</Filter>
    </ClCompile>
    <ClCompile Include="..\shared_lib\imgui\imgui_impl_win32.cpp">
      <Filter>lib\imgui</Filter>
    </ClCompile>
    <ClCompile Include="..\shared_lib\imgui\imgui_stdlib.cpp">
      <Filter>lib\imgui</Filter>
    </ClCompile>
    <ClCompile Include="..\shared_lib\imgui\imgui_tables.cpp">
      <Filter>lib\imgui</Filter>
    </ClCompile>
    <ClCompile Include="..\shared_lib\imgui\imgui_widgets.cpp">
      <Filter>lib\imgui</Filter>
    </ClCompile>
    <ClCompile Include="..\shared_lib\Texture\TextureDX9.cpp">
      <Filter>lib\Texture</Filter>
    </ClCompile>
    <ClCompile Include="..\shared_lib\stb\stb.cpp">
      <Filter>lib\stb</Filter>
    </ClCompile>
    <ClCompile Include="lib\Helpers.cpp">
      <Filter>lib</Filter>
    </ClCompile>
  </ItemGroup>
  <ItemGroup>
    <Image Include="Resources\icon.ico">
      <Filter>Resources</Filter>
    </Image>
  </ItemGroup>
  <ItemGroup>
    <None Include="..\Release\NEPS\NEPS.dll">
      <Filter>Resources</Filter>
    </None>
  </ItemGroup>
</Project>